
Microsoft Visual Studio Solution File, Format Version 12.00
# Visual Studio Version 17
VisualStudioVersion = 17.7.34024.191
MinimumVisualStudioVersion = 10.0.40219.1
Project("{FAE04EC0-301F-11D3-BF4B-00C04F79EFBC}") = "BattleShipCsharp", "BattleShipCsharp\BattleShipCsharp.csproj", "{1BA204BB-8F44-42CF-BA94-D905E3B1AB91}"
EndProject
Global
	GlobalSection(SolutionConfigurationPlatforms) = preSolution
		Debug|Any CPU = Debug|Any CPU
		Release|Any CPU = Release|Any CPU
	EndGlobalSection
	GlobalSection(ProjectConfigurationPlatforms) = postSolution
		{1BA204BB-8F44-42CF-BA94-D905E3B1AB91}.Debug|Any CPU.ActiveCfg = Debug|Any CPU
		{1BA204BB-8F44-42CF-BA94-D905E3B1AB91}.Debug|Any CPU.Build.0 = Debug|Any CPU
		{1BA204BB-8F44-42CF-BA94-D905E3B1AB91}.Release|Any CPU.ActiveCfg = Release|Any CPU
		{1BA204BB-8F44-42CF-BA94-D905E3B1AB91}.Release|Any CPU.Build.0 = Release|Any CPU
	EndGlobalSection
	GlobalSection(SolutionProperties) = preSolution
		HideSolutionNode = FALSE
	EndGlobalSection
	GlobalSection(ExtensibilityGlobals) = postSolution
		SolutionGuid = {250B43D8-2073-4933-818E-A7A668BD6AB8}
	EndGlobalSection
EndGlobal
